
Microsoft Visual Studio Solution File, Format Version 12.00
# Visual Studio Version 17
VisualStudioVersion = 17.0.32014.148
MinimumVisualStudioVersion = 10.0.40219.1
Project("{FAE04EC0-301F-11D3-BF4B-00C04F79EFBC}") = "patika_20", "patika_20.csproj", "{3780C31D-C143-4C80-8F95-CE253534BE54}"
EndProject
Global
	GlobalSection(SolutionConfigurationPlatforms) = preSolution
		Debug|Any CPU = Debug|Any CPU
		Release|Any CPU = Release|Any CPU
	EndGlobalSection
	GlobalSection(ProjectConfigurationPlatforms) = postSolution
		{3780C31D-C143-4C80-8F95-CE253534BE54}.Debug|Any CPU.ActiveCfg = Debug|Any CPU
		{3780C31D-C143-4C80-8F95-CE253534BE54}.Debug|Any CPU.Build.0 = Debug|Any CPU
		{3780C31D-C143-4C80-8F95-CE253534BE54}.Release|Any CPU.ActiveCfg = Release|Any CPU
		{3780C31D-C143-4C80-8F95-CE253534BE54}.Release|Any CPU.Build.0 = Release|Any CPU
	EndGlobalSection
	GlobalSection(SolutionProperties) = preSolution
		HideSolutionNode = FALSE
	EndGlobalSection
	GlobalSection(ExtensibilityGlobals) = postSolution
		SolutionGuid = {1C53D9CC-8880-4A35-BD8B-D9CCA26B6DE6}
	EndGlobalSection
EndGlobal
